<?xml version="1.0" encoding="utf-8"?>
<Project ToolsVersion="4.0" xmlns="http://schemas.microsoft.com/developer/msbuild/2003">
  <ItemGroup>
    <Filter Include="Source Files">
      <UniqueIdentifier>{4FC737F1-C7A5-4376-A066-2A32D752A2FF}</UniqueIdentifier>
      <Extensions>cpp;c;cc;cxx;c++;cppm;ixx;def;odl;idl;hpj;bat;asm;asmx</Extensions>
    </Filter>
    <Filter Include="Header Files">
      <UniqueIdentifier>{93995380-89BD-4b04-88EB-625FBE52EBFB}</UniqueIdentifier>
      <Extensions>h;hh;hpp;hxx;h++;hm;inl;inc;ipp;xsd</Extensions>
    </Filter>
    <Filter Include="Resource Files">
      <UniqueIdentifier>{67DA6AB6-F800-4c08-8B7A-83BB121AAD01}</UniqueIdentifier>
      <Extensions>rc;ico;cur;bmp;dlg;rc2;rct;bin;rgs;gif;jpg;jpeg;jpe;resx;tiff;tif;png;wav;mfcribbon-ms</Extensions>
    </Filter>
    <Filter Include="Header Files\game">
      <UniqueIdentifier>{5e46b607-16bc-4b02-b624-b9b409654d29}</UniqueIdentifier>
    </Filter>
    <Filter Include="Header Files\engine">
      <UniqueIdentifier>{dd1e910f-95fc-474e-bc42-b481c03de621}</UniqueIdentifier>
    </Filter>
    <Filter Include="Header Files\engine\ecs">
      <UniqueIdentifier>{49631fdb-b2f7-47d0-9934-388e91a9fa5c}</UniqueIdentifier>
    </Filter>
    <Filter Include="Header Files\engine\ecs\components">
      <UniqueIdentifier>{07fb4634-0818-4570-b4a3-15d292984eec}</UniqueIdentifier>
    </Filter>
    <Filter Include="Header Files\engine\ecs\systems">
      <UniqueIdentifier>{193344f1-eac0-455a-83d2-91606a37c11f}</UniqueIdentifier>
    </Filter>
    <Filter Include="Header Files\engine\graphics">
      <UniqueIdentifier>{8b93e93f-3faa-4a5a-b885-f6441a0cf9a7}</UniqueIdentifier>
    </Filter>
    <Filter Include="Source Files\engine">
      <UniqueIdentifier>{6af1af00-b2a9-46f8-a2c7-b4ea0536c335}</UniqueIdentifier>
    </Filter>
    <Filter Include="Source Files\game">
      <UniqueIdentifier>{50307c3f-0443-470b-8245-d90f69a4aee9}</UniqueIdentifier>
    </Filter>
    <Filter Include="Source Files\engine\graphics">
      <UniqueIdentifier>{57aea4c0-b21b-451f-ba03-4a566244107f}</UniqueIdentifier>
    </Filter>
    <Filter Include="Source Files\engine\ecs">
      <UniqueIdentifier>{f68391d1-0a5d-4cf8-ac53-dd6ae244cf7f}</UniqueIdentifier>
    </Filter>
    <Filter Include="Source Files\engine\ecs\systems">
      <UniqueIdentifier>{82c7041c-6423-45c0-9e1d-e8380feb803e}</UniqueIdentifier>
    </Filter>
    <Filter Include="Header Files\game\systems">
      <UniqueIdentifier>{58731660-923b-4d7f-a18d-ce4a27ba32f0}</UniqueIdentifier>
    </Filter>
    <Filter Include="Header Files\engine\ecs\events">
      <UniqueIdentifier>{89cbb294-6062-4655-b008-e204c44b1ca5}</UniqueIdentifier>
    </Filter>
    <Filter Include="Header Files\game\components">
      <UniqueIdentifier>{6fed27a3-e35e-4c0b-ad2d-c83b8fee3a25}</UniqueIdentifier>
    </Filter>
    <Filter Include="Source Files\engine\components">
      <UniqueIdentifier>{6ba119be-3e92-4a75-909a-cc158f528183}</UniqueIdentifier>
    </Filter>
    <Filter Include="Header Files\game\events">
      <UniqueIdentifier>{94502e89-c66d-433b-9652-6338534fe81a}</UniqueIdentifier>
    </Filter>
    <Filter Include="Header Files\engine\ecs\loaders">
      <UniqueIdentifier>{92efbccb-a172-4411-8dee-56cfc0f7564a}</UniqueIdentifier>
    </Filter>
    <Filter Include="Resource Files\shaders">
      <UniqueIdentifier>{286e3fde-cad8-450d-a808-9b449816ed03}</UniqueIdentifier>
    </Filter>
    <Filter Include="Header Files\utils">
      <UniqueIdentifier>{e2f05afe-7179-461d-8779-2fd61b857005}</UniqueIdentifier>
    </Filter>
  </ItemGroup>
  <ItemGroup>
    <ClCompile Include="EntityManager.cpp">
      <Filter>Source Files\engine\ecs</Filter>
    </ClCompile>
    <ClCompile Include="System.cpp">
      <Filter>Source Files\engine\ecs\systems</Filter>
    </ClCompile>
    <ClCompile Include="World.cpp">
      <Filter>Source Files\engine\ecs</Filter>
    </ClCompile>
    <ClCompile Include="Shader.cpp">
      <Filter>Source Files\engine\graphics</Filter>
    </ClCompile>
    <ClCompile Include="Engine.cpp">
      <Filter>Source Files\engine</Filter>
    </ClCompile>
    <ClCompile Include="Window.cpp">
      <Filter>Source Files\engine</Filter>
    </ClCompile>
    <ClCompile Include="main.cpp">
      <Filter>Source Files\game</Filter>
    </ClCompile>
    <ClCompile Include="Mover.cpp">
      <Filter>Source Files\game</Filter>
    </ClCompile>
    <ClCompile Include="Component.cpp">
      <Filter>Source Files\engine\components</Filter>
    </ClCompile>
    <ClCompile Include="PlayerInputSystem.cpp">
      <Filter>Source Files\engine\ecs\systems</Filter>
    </ClCompile>
    <ClCompile Include="PhysicsSystem.cpp">
      <Filter>Source Files\engine\ecs\systems</Filter>
    </ClCompile>
    <ClCompile Include="BasicRenderSystem.cpp">
      <Filter>Source Files\engine\ecs\systems</Filter>
    </ClCompile>
  </ItemGroup>
  <ItemGroup>
    <ClInclude Include="EntityManager.h">
      <Filter>Header Files\engine\ecs</Filter>
    </ClInclude>
    <ClInclude Include="Entity.h">
      <Filter>Header Files\engine\ecs</Filter>
    </ClInclude>
    <ClInclude Include="Component.h">
      <Filter>Header Files\engine\ecs\components</Filter>
    </ClInclude>
    <ClInclude Include="ComponentArray.h">
      <Filter>Header Files\engine\ecs\components</Filter>
    </ClInclude>
    <ClInclude Include="ComponentManager.h">
      <Filter>Header Files\engine\ecs\components</Filter>
    </ClInclude>
    <ClInclude Include="System.h">
      <Filter>Header Files\engine\ecs\systems</Filter>
    </ClInclude>
    <ClInclude Include="SystemManager.h">
      <Filter>Header Files\engine\ecs\systems</Filter>
    </ClInclude>
    <ClInclude Include="World.h">
      <Filter>Header Files\engine\ecs</Filter>
    </ClInclude>
    <ClInclude Include="EntityHandle.h">
      <Filter>Header Files\engine\ecs</Filter>
    </ClInclude>
    <ClInclude Include="Shader.h">
      <Filter>Header Files\engine\graphics</Filter>
    </ClInclude>
    <ClInclude Include="Engine.h">
      <Filter>Header Files\engine</Filter>
    </ClInclude>
    <ClInclude Include="Game.h">
      <Filter>Header Files\engine</Filter>
    </ClInclude>
    <ClInclude Include="Window.h">
      <Filter>Header Files\engine</Filter>
    </ClInclude>
    <ClInclude Include="Mover.h">
      <Filter>Header Files\game</Filter>
    </ClInclude>
    <ClInclude Include="ConstMovementSystem.h">
      <Filter>Header Files\game\systems</Filter>
    </ClInclude>
    <ClInclude Include="EventManager.h">
      <Filter>Header Files\engine\ecs\events</Filter>
    </ClInclude>
    <ClInclude Include="EventHandler.h">
      <Filter>Header Files\engine\ecs\events</Filter>
    </ClInclude>
    <ClInclude Include="Event.h">
      <Filter>Header Files\engine\ecs\events</Filter>
    </ClInclude>
    <ClInclude Include="TestEvent.h">
      <Filter>Header Files\game\events</Filter>
    </ClInclude>
    <ClInclude Include="ListenerSystem.h">
      <Filter>Header Files\game\systems</Filter>
    </ClInclude>
    <ClInclude Include="Mesh.h">
      <Filter>Header Files\engine\ecs\components</Filter>
    </ClInclude>
    <ClInclude Include="Renderer.h">
      <Filter>Header Files\engine\graphics</Filter>
    </ClInclude>
    <ClInclude Include="Model.h">
      <Filter>Header Files\engine\ecs\components</Filter>
    </ClInclude>
    <ClInclude Include="ModelLoader.h">
      <Filter>Header Files\engine\ecs\loaders</Filter>
    </ClInclude>
    <ClInclude Include="TextureLoader.h">
      <Filter>Header Files\engine\ecs\loaders</Filter>
    </ClInclude>
    <ClInclude Include="Transform.h">
      <Filter>Header Files\engine\ecs\components</Filter>
    </ClInclude>
    <ClInclude Include="BasicRenderSystem.h">
      <Filter>Header Files\engine\ecs\systems</Filter>
    </ClInclude>
    <ClInclude Include="CameraComponent.h">
      <Filter>Header Files\engine\ecs\components</Filter>
    </ClInclude>
    <ClInclude Include="Camera.h">
      <Filter>Header Files\engine\ecs</Filter>
    </ClInclude>
    <ClInclude Include="RigidBody.h">
      <Filter>Header Files\engine\ecs\components</Filter>
    </ClInclude>
    <ClInclude Include="PlayerInput.h">
      <Filter>Header Files\engine\ecs\components</Filter>
    </ClInclude>
    <ClInclude Include="View.h">
      <Filter>Header Files\engine\ecs\components</Filter>
    </ClInclude>
    <ClInclude Include="PlayerInputSystem.h">
      <Filter>Header Files\engine\ecs\systems</Filter>
    </ClInclude>
    <ClInclude Include="PhysicsSystem.h">
      <Filter>Header Files\engine\ecs\systems</Filter>
    </ClInclude>
    <ClInclude Include="MeshColliderLoader.h">
      <Filter>Header Files\engine\ecs\loaders</Filter>
    </ClInclude>
    <ClInclude Include="Converter.h">
      <Filter>Header Files\utils</Filter>
    </ClInclude>
  </ItemGroup>
  <ItemGroup>
    <None Include="shaders\basicShader.frag">
      <Filter>Resource Files\shaders</Filter>
    </None>
    <None Include="shaders\basicShader.vert">
      <Filter>Resource Files\shaders</Filter>
    </None>
  </ItemGroup>
</Project>